
Microsoft Visual Studio Solution File, Format Version 12.00
# Visual Studio 2013
VisualStudioVersion = 12.0.30110.0
MinimumVisualStudioVersion = 10.0.40219.1
Project("{FAE04EC0-301F-11D3-BF4B-00C04F79EFBC}") = "Exp.Study", "Exp.Study\Exp.Study.csproj", "{E3390369-A8F7-4E2B-B55A-51C404AE69D6}"
EndProject
Project("{FAE04EC0-301F-11D3-BF4B-00C04F79EFBC}") = "Exp.Study.Web", "Exp.Study.Web\Exp.Study.Web.csproj", "{0238CEC5-13AB-4443-8E05-D6DC4107BCEB}"
EndProject
Project("{FAE04EC0-301F-11D3-BF4B-00C04F79EFBC}") = "Exp.Study.Web2", "Exp.Study.Web2\Exp.Study.Web2.csproj", "{1A4F7364-92D0-41A6-8417-32903ED424DA}"
EndProject
Project("{FAE04EC0-301F-11D3-BF4B-00C04F79EFBC}") = "Exp.Design", "Exp.Design\Exp.Design.csproj", "{9BF951AC-9446-42E0-86F7-A49CF1894342}"
EndProject
Global
	GlobalSection(SolutionConfigurationPlatforms) = preSolution
		Debug|Any CPU = Debug|Any CPU
		Release|Any CPU = Release|Any CPU
	EndGlobalSection
	GlobalSection(ProjectConfigurationPlatforms) = postSolution
		{E3390369-A8F7-4E2B-B55A-51C404AE69D6}.Debug|Any CPU.ActiveCfg = Debug|Any CPU
		{E3390369-A8F7-4E2B-B55A-51C404AE69D6}.Debug|Any CPU.Build.0 = Debug|Any CPU
		{E3390369-A8F7-4E2B-B55A-51C404AE69D6}.Release|Any CPU.ActiveCfg = Release|Any CPU
		{E3390369-A8F7-4E2B-B55A-51C404AE69D6}.Release|Any CPU.Build.0 = Release|Any CPU
		{0238CEC5-13AB-4443-8E05-D6DC4107BCEB}.Debug|Any CPU.ActiveCfg = Debug|Any CPU
		{0238CEC5-13AB-4443-8E05-D6DC4107BCEB}.Debug|Any CPU.Build.0 = Debug|Any CPU
		{0238CEC5-13AB-4443-8E05-D6DC4107BCEB}.Release|Any CPU.ActiveCfg = Release|Any CPU
		{0238CEC5-13AB-4443-8E05-D6DC4107BCEB}.Release|Any CPU.Build.0 = Release|Any CPU
		{1A4F7364-92D0-41A6-8417-32903ED424DA}.Debug|Any CPU.ActiveCfg = Debug|Any CPU
		{1A4F7364-92D0-41A6-8417-32903ED424DA}.Debug|Any CPU.Build.0 = Debug|Any CPU
		{1A4F7364-92D0-41A6-8417-32903ED424DA}.Release|Any CPU.ActiveCfg = Release|Any CPU
		{1A4F7364-92D0-41A6-8417-32903ED424DA}.Release|Any CPU.Build.0 = Release|Any CPU
		{9BF951AC-9446-42E0-86F7-A49CF1894342}.Debug|Any CPU.ActiveCfg = Debug|Any CPU
		{9BF951AC-9446-42E0-86F7-A49CF1894342}.Debug|Any CPU.Build.0 = Debug|Any CPU
		{9BF951AC-9446-42E0-86F7-A49CF1894342}.Release|Any CPU.ActiveCfg = Release|Any CPU
		{9BF951AC-9446-42E0-86F7-A49CF1894342}.Release|Any CPU.Build.0 = Release|Any CPU
	EndGlobalSection
	GlobalSection(SolutionProperties) = preSolution
		HideSolutionNode = FALSE
	EndGlobalSection
EndGlobal
