
Microsoft Visual Studio Solution File, Format Version 12.00
# Visual Studio 2013
VisualStudioVersion = 12.0.30110.0
MinimumVisualStudioVersion = 10.0.40219.1
Project("{FAE04EC0-301F-11D3-BF4B-00C04F79EFBC}") = "Exp.Core", "Exp.Core\Exp.Core.csproj", "{63298208-6F7E-4FFC-826E-239081DE94EC}"
EndProject
Project("{FAE04EC0-301F-11D3-BF4B-00C04F79EFBC}") = "Exp.Web", "Exp.Web\Exp.Web.csproj", "{C4A93E7C-F5D6-407A-A7D4-BA8B4D57D687}"
EndProject
Project("{FAE04EC0-301F-11D3-BF4B-00C04F79EFBC}") = "Exp.Web.Framework", "Exp.Framework\Exp.Web.Framework.csproj", "{0E38CB80-1471-49FD-BB2A-998A09413E0E}"
EndProject
Project("{FAE04EC0-301F-11D3-BF4B-00C04F79EFBC}") = "Exp.Services", "Exp.Services\Exp.Services.csproj", "{79841AB6-72C2-4DB8-BF45-53C0BA333540}"
EndProject
Project("{2150E333-8FDC-42A3-9474-1A3956D46DE8}") = "UI", "UI", "{E6A87E91-310D-4A2D-80AF-F1FEE60758F9}"
EndProject
Project("{2150E333-8FDC-42A3-9474-1A3956D46DE8}") = "Core", "Core", "{FA5A7FB9-DC26-49CB-A3E3-107ABBD04595}"
EndProject
Project("{FAE04EC0-301F-11D3-BF4B-00C04F79EFBC}") = "Exp.Admin", "Exp.Web\Administration\Exp.Admin.csproj", "{D82B6C80-EA4C-42A9-B68A-A132A9B9BD1C}"
EndProject
Project("{FAE04EC0-301F-11D3-BF4B-00C04F79EFBC}") = "Exp.Data", "Exp.Data\Exp.Data.csproj", "{1D2DCBA6-2479-4CD2-8121-CC56B1F0273D}"
EndProject
Project("{2150E333-8FDC-42A3-9474-1A3956D46DE8}") = "Common", "Common", "{94D5C714-95EB-4ED4-AFB8-B7A78612ADD3}"
EndProject
Project("{FAE04EC0-301F-11D3-BF4B-00C04F79EFBC}") = "Exp.Side.Common", "Exp.Side.Common\Exp.Side.Common.csproj", "{8D7B0160-766E-47DE-9521-8961F1D996EB}"
EndProject
Project("{FAE04EC0-301F-11D3-BF4B-00C04F79EFBC}") = "Quick.Site.Models", "Quick.Site.Models\Quick.Site.Models.csproj", "{A279EFE0-20A6-4855-BE01-538D3337726B}"
EndProject
Project("{FAE04EC0-301F-11D3-BF4B-00C04F79EFBC}") = "Exp.Side.ApiModels", "Exp.Side.ApiModels\Exp.Side.ApiModels.csproj", "{0C06AB1F-B4AE-41ED-BE06-B52566FC5172}"
EndProject
Global
	GlobalSection(SolutionConfigurationPlatforms) = preSolution
		Debug|Any CPU = Debug|Any CPU
		Release|Any CPU = Release|Any CPU
	EndGlobalSection
	GlobalSection(ProjectConfigurationPlatforms) = postSolution
		{63298208-6F7E-4FFC-826E-239081DE94EC}.Debug|Any CPU.ActiveCfg = Debug|Any CPU
		{63298208-6F7E-4FFC-826E-239081DE94EC}.Debug|Any CPU.Build.0 = Debug|Any CPU
		{63298208-6F7E-4FFC-826E-239081DE94EC}.Release|Any CPU.ActiveCfg = Release|Any CPU
		{63298208-6F7E-4FFC-826E-239081DE94EC}.Release|Any CPU.Build.0 = Release|Any CPU
		{C4A93E7C-F5D6-407A-A7D4-BA8B4D57D687}.Debug|Any CPU.ActiveCfg = Debug|Any CPU
		{C4A93E7C-F5D6-407A-A7D4-BA8B4D57D687}.Debug|Any CPU.Build.0 = Debug|Any CPU
		{C4A93E7C-F5D6-407A-A7D4-BA8B4D57D687}.Release|Any CPU.ActiveCfg = Release|Any CPU
		{C4A93E7C-F5D6-407A-A7D4-BA8B4D57D687}.Release|Any CPU.Build.0 = Release|Any CPU
		{0E38CB80-1471-49FD-BB2A-998A09413E0E}.Debug|Any CPU.ActiveCfg = Debug|Any CPU
		{0E38CB80-1471-49FD-BB2A-998A09413E0E}.Debug|Any CPU.Build.0 = Debug|Any CPU
		{0E38CB80-1471-49FD-BB2A-998A09413E0E}.Release|Any CPU.ActiveCfg = Release|Any CPU
		{0E38CB80-1471-49FD-BB2A-998A09413E0E}.Release|Any CPU.Build.0 = Release|Any CPU
		{79841AB6-72C2-4DB8-BF45-53C0BA333540}.Debug|Any CPU.ActiveCfg = Debug|Any CPU
		{79841AB6-72C2-4DB8-BF45-53C0BA333540}.Debug|Any CPU.Build.0 = Debug|Any CPU
		{79841AB6-72C2-4DB8-BF45-53C0BA333540}.Release|Any CPU.ActiveCfg = Release|Any CPU
		{79841AB6-72C2-4DB8-BF45-53C0BA333540}.Release|Any CPU.Build.0 = Release|Any CPU
		{D82B6C80-EA4C-42A9-B68A-A132A9B9BD1C}.Debug|Any CPU.ActiveCfg = Debug|Any CPU
		{D82B6C80-EA4C-42A9-B68A-A132A9B9BD1C}.Debug|Any CPU.Build.0 = Debug|Any CPU
		{D82B6C80-EA4C-42A9-B68A-A132A9B9BD1C}.Release|Any CPU.ActiveCfg = Release|Any CPU
		{D82B6C80-EA4C-42A9-B68A-A132A9B9BD1C}.Release|Any CPU.Build.0 = Release|Any CPU
		{1D2DCBA6-2479-4CD2-8121-CC56B1F0273D}.Debug|Any CPU.ActiveCfg = Debug|Any CPU
		{1D2DCBA6-2479-4CD2-8121-CC56B1F0273D}.Debug|Any CPU.Build.0 = Debug|Any CPU
		{1D2DCBA6-2479-4CD2-8121-CC56B1F0273D}.Release|Any CPU.ActiveCfg = Release|Any CPU
		{1D2DCBA6-2479-4CD2-8121-CC56B1F0273D}.Release|Any CPU.Build.0 = Release|Any CPU
		{8D7B0160-766E-47DE-9521-8961F1D996EB}.Debug|Any CPU.ActiveCfg = Debug|Any CPU
		{8D7B0160-766E-47DE-9521-8961F1D996EB}.Debug|Any CPU.Build.0 = Debug|Any CPU
		{8D7B0160-766E-47DE-9521-8961F1D996EB}.Release|Any CPU.ActiveCfg = Release|Any CPU
		{8D7B0160-766E-47DE-9521-8961F1D996EB}.Release|Any CPU.Build.0 = Release|Any CPU
		{A279EFE0-20A6-4855-BE01-538D3337726B}.Debug|Any CPU.ActiveCfg = Debug|Any CPU
		{A279EFE0-20A6-4855-BE01-538D3337726B}.Debug|Any CPU.Build.0 = Debug|Any CPU
		{A279EFE0-20A6-4855-BE01-538D3337726B}.Release|Any CPU.ActiveCfg = Release|Any CPU
		{A279EFE0-20A6-4855-BE01-538D3337726B}.Release|Any CPU.Build.0 = Release|Any CPU
		{0C06AB1F-B4AE-41ED-BE06-B52566FC5172}.Debug|Any CPU.ActiveCfg = Debug|Any CPU
		{0C06AB1F-B4AE-41ED-BE06-B52566FC5172}.Debug|Any CPU.Build.0 = Debug|Any CPU
		{0C06AB1F-B4AE-41ED-BE06-B52566FC5172}.Release|Any CPU.ActiveCfg = Release|Any CPU
		{0C06AB1F-B4AE-41ED-BE06-B52566FC5172}.Release|Any CPU.Build.0 = Release|Any CPU
	EndGlobalSection
	GlobalSection(SolutionProperties) = preSolution
		HideSolutionNode = FALSE
	EndGlobalSection
	GlobalSection(NestedProjects) = preSolution
		{79841AB6-72C2-4DB8-BF45-53C0BA333540} = {FA5A7FB9-DC26-49CB-A3E3-107ABBD04595}
		{63298208-6F7E-4FFC-826E-239081DE94EC} = {FA5A7FB9-DC26-49CB-A3E3-107ABBD04595}
		{1D2DCBA6-2479-4CD2-8121-CC56B1F0273D} = {FA5A7FB9-DC26-49CB-A3E3-107ABBD04595}
		{8D7B0160-766E-47DE-9521-8961F1D996EB} = {FA5A7FB9-DC26-49CB-A3E3-107ABBD04595}
		{A279EFE0-20A6-4855-BE01-538D3337726B} = {FA5A7FB9-DC26-49CB-A3E3-107ABBD04595}
		{0C06AB1F-B4AE-41ED-BE06-B52566FC5172} = {FA5A7FB9-DC26-49CB-A3E3-107ABBD04595}
		{0E38CB80-1471-49FD-BB2A-998A09413E0E} = {E6A87E91-310D-4A2D-80AF-F1FEE60758F9}
		{C4A93E7C-F5D6-407A-A7D4-BA8B4D57D687} = {E6A87E91-310D-4A2D-80AF-F1FEE60758F9}
		{D82B6C80-EA4C-42A9-B68A-A132A9B9BD1C} = {E6A87E91-310D-4A2D-80AF-F1FEE60758F9}
	EndGlobalSection
EndGlobal
